// !$*UTF8*$!
{
	archiveVersion = 1;
	classes = {
	};
	objectVersion = 77;
	objects = {

/* Begin PBXBuildFile section */
		7B67B4F92E7FD5F3006A8EB2 /* ApprovalServerKit in Frameworks */ = {isa = PBXBuildFile; productRef = 7B67B4F82E7FD5F3006A8EB2 /* ApprovalServerKit */; };
		7BB57D2D2EA1BB4C00927023 /* Sparkle in Frameworks */ = {isa = PBXBuildFile; productRef = 7BB57D2C2EA1BB4C00927023 /* Sparkle */; };
		7BB57D7F2EA2162900927023 /* Claw.xcconfig in Resources */ = {isa = PBXBuildFile; fileRef = 7BB57D7E2EA2162900927023 /* Claw.xcconfig */; };
		7BFBAD9F2EBABDA3003D084C /* ClaudeCodeCore in Frameworks */ = {isa = PBXBuildFile; productRef = 7BFBAD9E2EBABDA3003D084C /* ClaudeCodeCore */; };
		7BFBAE882EBC6EA1003D084C /* ClaudeCodeCore in Frameworks */ = {isa = PBXBuildFile; productRef = 7BFBAE872EBC6EA1003D084C /* ClaudeCodeCore */; };
		7BFBAE8B2EBC8E27003D084C /* ClaudeCodeCore in Frameworks */ = {isa = PBXBuildFile; productRef = 7BFBAE8A2EBC8E27003D084C /* ClaudeCodeCore */; };
/* End PBXBuildFile section */

/* Begin PBXContainerItemProxy section */
		7B67B4DB2E7FD5C8006A8EB2 /* PBXContainerItemProxy */ = {
			isa = PBXContainerItemProxy;
			containerPortal = 7B67B4C52E7FD5C6006A8EB2 /* Project object */;
			proxyType = 1;
			remoteGlobalIDString = 7B67B4CC2E7FD5C6006A8EB2;
			remoteInfo = Claw;
		};
		7B67B4E52E7FD5C8006A8EB2 /* PBXContainerItemProxy */ = {
			isa = PBXContainerItemProxy;
			containerPortal = 7B67B4C52E7FD5C6006A8EB2 /* Project object */;
			proxyType = 1;
			remoteGlobalIDString = 7B67B4CC2E7FD5C6006A8EB2;
			remoteInfo = Claw;
		};
/* End PBXContainerItemProxy section */

/* Begin PBXFileReference section */
		7B67B4CD2E7FD5C6006A8EB2 /* Claw.app */ = {isa = PBXFileReference; explicitFileType = wrapper.application; includeInIndex = 0; path = Claw.app; sourceTree = BUILT_PRODUCTS_DIR; };
		7B67B4DA2E7FD5C8006A8EB2 /* ClawTests.xctest */ = {isa = PBXFileReference; explicitFileType = wrapper.cfbundle; includeInIndex = 0; path = ClawTests.xctest; sourceTree = BUILT_PRODUCTS_DIR; };
		7B67B4E42E7FD5C8006A8EB2 /* ClawUITests.xctest */ = {isa = PBXFileReference; explicitFileType = wrapper.cfbundle; includeInIndex = 0; path = ClawUITests.xctest; sourceTree = BUILT_PRODUCTS_DIR; };
		7BB57D7E2EA2162900927023 /* Claw.xcconfig */ = {isa = PBXFileReference; lastKnownFileType = text.xcconfig; path = Claw.xcconfig; sourceTree = "<group>"; };
/* End PBXFileReference section */

/* Begin PBXFileSystemSynchronizedBuildFileExceptionSet section */
		7BB57D2F2EA1BF5D00927023 /* Exceptions for "Claw" folder in "Claw" target */ = {
			isa = PBXFileSystemSynchronizedBuildFileExceptionSet;
			membershipExceptions = (
				Info.plist,
			);
			target = 7B67B4CC2E7FD5C6006A8EB2 /* Claw */;
		};
/* End PBXFileSystemSynchronizedBuildFileExceptionSet section */

/* Begin PBXFileSystemSynchronizedRootGroup section */
		7B67B4CF2E7FD5C6006A8EB2 /* Claw */ = {
			isa = PBXFileSystemSynchronizedRootGroup;
			exceptions = (
				7BB57D2F2EA1BF5D00927023 /* Exceptions for "Claw" folder in "Claw" target */,
			);
			path = Claw;
			sourceTree = "<group>";
		};
		7B67B4DD2E7FD5C8006A8EB2 /* ClawTests */ = {
			isa = PBXFileSystemSynchronizedRootGroup;
			path = ClawTests;
			sourceTree = "<group>";
		};
		7B67B4E72E7FD5C8006A8EB2 /* ClawUITests */ = {
			isa = PBXFileSystemSynchronizedRootGroup;
			path = ClawUITests;
			sourceTree = "<group>";
		};
/* End PBXFileSystemSynchronizedRootGroup section */

/* Begin PBXFrameworksBuildPhase section */
		7B67B4CA2E7FD5C6006A8EB2 /* Frameworks */ = {
			isa = PBXFrameworksBuildPhase;
			buildActionMask = 2147483647;
			files = (
				7BFBAE882EBC6EA1003D084C /* ClaudeCodeCore in Frameworks */,
				7BFBAD9F2EBABDA3003D084C /* ClaudeCodeCore in Frameworks */,
				7BFBAE8B2EBC8E27003D084C /* ClaudeCodeCore in Frameworks */,
				7BB57D2D2EA1BB4C00927023 /* Sparkle in Frameworks */,
				7B67B4F92E7FD5F3006A8EB2 /* ApprovalServerKit in Frameworks */,
			);
			runOnlyForDeploymentPostprocessing = 0;
		};
		7B67B4D72E7FD5C8006A8EB2 /* Frameworks */ = {
			isa = PBXFrameworksBuildPhase;
			buildActionMask = 2147483647;
			files = (
			);
			runOnlyForDeploymentPostprocessing = 0;
		};
		7B67B4E12E7FD5C8006A8EB2 /* Frameworks */ = {
			isa = PBXFrameworksBuildPhase;
			buildActionMask = 2147483647;
			files = (
			);
			runOnlyForDeploymentPostprocessing = 0;
		};
/* End PBXFrameworksBuildPhase section */

/* Begin PBXGroup section */
		7B67B4C42E7FD5C6006A8EB2 = {
			isa = PBXGroup;
			children = (
				7B67B4CF2E7FD5C6006A8EB2 /* Claw */,
				7B67B4DD2E7FD5C8006A8EB2 /* ClawTests */,
				7B67B4E72E7FD5C8006A8EB2 /* ClawUITests */,
				7B67B4CE2E7FD5C6006A8EB2 /* Products */,
				7BB57D7E2EA2162900927023 /* Claw.xcconfig */,
			);
			sourceTree = "<group>";
		};
		7B67B4CE2E7FD5C6006A8EB2 /* Products */ = {
			isa = PBXGroup;
			children = (
				7B67B4CD2E7FD5C6006A8EB2 /* Claw.app */,
				7B67B4DA2E7FD5C8006A8EB2 /* ClawTests.xctest */,
				7B67B4E42E7FD5C8006A8EB2 /* ClawUITests.xctest */,
			);
			name = Products;
			sourceTree = "<group>";
		};
/* End PBXGroup section */

/* Begin PBXNativeTarget section */
		7B67B4CC2E7FD5C6006A8EB2 /* Claw */ = {
			isa = PBXNativeTarget;
			buildConfigurationList = 7B67B4EE2E7FD5C8006A8EB2 /* Build configuration list for PBXNativeTarget "Claw" */;
			buildPhases = (
				7B67B4C92E7FD5C6006A8EB2 /* Sources */,
				7B67B4CA2E7FD5C6006A8EB2 /* Frameworks */,
				7B67B4CB2E7FD5C6006A8EB2 /* Resources */,
				7B67B5032E7FD6C6006A8EB2 /* ShellScript */,
			);
			buildRules = (
			);
			dependencies = (
			);
			fileSystemSynchronizedGroups = (
				7B67B4CF2E7FD5C6006A8EB2 /* Claw */,
			);
			name = Claw;
			packageProductDependencies = (
				7B67B4F82E7FD5F3006A8EB2 /* ApprovalServerKit */,
				7BB57D2C2EA1BB4C00927023 /* Sparkle */,
				7BFBAD9E2EBABDA3003D084C /* ClaudeCodeCore */,
				7BFBAE872EBC6EA1003D084C /* ClaudeCodeCore */,
				7BFBAE8A2EBC8E27003D084C /* ClaudeCodeCore */,
			);
			productName = Claw;
			productReference = 7B67B4CD2E7FD5C6006A8EB2 /* Claw.app */;
			productType = "com.apple.product-type.application";
		};
		7B67B4D92E7FD5C8006A8EB2 /* ClawTests */ = {
			isa = PBXNativeTarget;
			buildConfigurationList = 7B67B4F12E7FD5C8006A8EB2 /* Build configuration list for PBXNativeTarget "ClawTests" */;
			buildPhases = (
				7B67B4D62E7FD5C8006A8EB2 /* Sources */,
				7B67B4D72E7FD5C8006A8EB2 /* Frameworks */,
				7B67B4D82E7FD5C8006A8EB2 /* Resources */,
			);
			buildRules = (
			);
			dependencies = (
				7B67B4DC2E7FD5C8006A8EB2 /* PBXTargetDependency */,
			);
			fileSystemSynchronizedGroups = (
				7B67B4DD2E7FD5C8006A8EB2 /* ClawTests */,
			);
			name = ClawTests;
			productName = ClawTests;
			productReference = 7B67B4DA2E7FD5C8006A8EB2 /* ClawTests.xctest */;
			productType = "com.apple.product-type.bundle.unit-test";
		};
		7B67B4E32E7FD5C8006A8EB2 /* ClawUITests */ = {
			isa = PBXNativeTarget;
			buildConfigurationList = 7B67B4F42E7FD5C8006A8EB2 /* Build configuration list for PBXNativeTarget "ClawUITests" */;
			buildPhases = (
				7B67B4E02E7FD5C8006A8EB2 /* Sources */,
				7B67B4E12E7FD5C8006A8EB2 /* Frameworks */,
				7B67B4E22E7FD5C8006A8EB2 /* Resources */,
			);
			buildRules = (
			);
			dependencies = (
				7B67B4E62E7FD5C8006A8EB2 /* PBXTargetDependency */,
			);
			fileSystemSynchronizedGroups = (
				7B67B4E72E7FD5C8006A8EB2 /* ClawUITests */,
			);
			name = ClawUITests;
			productName = ClawUITests;
			productReference = 7B67B4E42E7FD5C8006A8EB2 /* ClawUITests.xctest */;
			productType = "com.apple.product-type.bundle.ui-testing";
		};
/* End PBXNativeTarget section */

/* Begin PBXProject section */
		7B67B4C52E7FD5C6006A8EB2 /* Project object */ = {
			isa = PBXProject;
			attributes = {
				BuildIndependentTargetsInParallel = 1;
				LastSwiftUpdateCheck = 2600;
				LastUpgradeCheck = 2600;
				TargetAttributes = {
					7B67B4CC2E7FD5C6006A8EB2 = {
						CreatedOnToolsVersion = 26.0;
					};
					7B67B4D92E7FD5C8006A8EB2 = {
						CreatedOnToolsVersion = 26.0;
						TestTargetID = 7B67B4CC2E7FD5C6006A8EB2;
					};
					7B67B4E32E7FD5C8006A8EB2 = {
						CreatedOnToolsVersion = 26.0;
						TestTargetID = 7B67B4CC2E7FD5C6006A8EB2;
					};
				};
			};
			buildConfigurationList = 7B67B4C82E7FD5C6006A8EB2 /* Build configuration list for PBXProject "Claw" */;
			developmentRegion = en;
			hasScannedForEncodings = 0;
			knownRegions = (
				en,
				Base,
			);
			mainGroup = 7B67B4C42E7FD5C6006A8EB2;
			minimizedProjectReferenceProxies = 1;
			packageReferences = (
				7B67B4F72E7FD5F3006A8EB2 /* XCRemoteSwiftPackageReference "ClaudeCodeApprovalServer" */,
				7BB57D2B2EA1BB4C00927023 /* XCRemoteSwiftPackageReference "Sparkle" */,
				7BFBAE892EBC8E27003D084C /* XCRemoteSwiftPackageReference "ClaudeCodeUI" */,
			);
			preferredProjectObjectVersion = 77;
			productRefGroup = 7B67B4CE2E7FD5C6006A8EB2 /* Products */;
			projectDirPath = "";
			projectRoot = "";
			targets = (
				7B67B4CC2E7FD5C6006A8EB2 /* Claw */,
				7B67B4D92E7FD5C8006A8EB2 /* ClawTests */,
				7B67B4E32E7FD5C8006A8EB2 /* ClawUITests */,
			);
		};
/* End PBXProject section */

/* Begin PBXResourcesBuildPhase section */
		7B67B4CB2E7FD5C6006A8EB2 /* Resources */ = {
			isa = PBXResourcesBuildPhase;
			buildActionMask = 2147483647;
			files = (
				7BB57D7F2EA2162900927023 /* Claw.xcconfig in Resources */,
			);
			runOnlyForDeploymentPostprocessing = 0;
		};
		7B67B4D82E7FD5C8006A8EB2 /* Resources */ = {
			isa = PBXResourcesBuildPhase;
			buildActionMask = 2147483647;
			files = (
			);
			runOnlyForDeploymentPostprocessing = 0;
		};
		7B67B4E22E7FD5C8006A8EB2 /* Resources */ = {
			isa = PBXResourcesBuildPhase;
			buildActionMask = 2147483647;
			files = (
			);
			runOnlyForDeploymentPostprocessing = 0;
		};
/* End PBXResourcesBuildPhase section */

/* Begin PBXShellScriptBuildPhase section */
		7B67B5032E7FD6C6006A8EB2 /* ShellScript */ = {
			isa = PBXShellScriptBuildPhase;
			alwaysOutOfDate = 1;
			buildActionMask = 2147483647;
			files = (
			);
			inputFileListPaths = (
			);
			inputPaths = (
			);
			outputFileListPaths = (
			);
			outputPaths = (
			);
			runOnlyForDeploymentPostprocessing = 0;
			shellPath = /bin/sh;
			shellScript = "bash \"${PROJECT_DIR}/bundle_server.sh\"\n";
		};
/* End PBXShellScriptBuildPhase section */

/* Begin PBXSourcesBuildPhase section */
		7B67B4C92E7FD5C6006A8EB2 /* Sources */ = {
			isa = PBXSourcesBuildPhase;
			buildActionMask = 2147483647;
			files = (
			);
			runOnlyForDeploymentPostprocessing = 0;
		};
		7B67B4D62E7FD5C8006A8EB2 /* Sources */ = {
			isa = PBXSourcesBuildPhase;
			buildActionMask = 2147483647;
			files = (
			);
			runOnlyForDeploymentPostprocessing = 0;
		};
		7B67B4E02E7FD5C8006A8EB2 /* Sources */ = {
			isa = PBXSourcesBuildPhase;
			buildActionMask = 2147483647;
			files = (
			);
			runOnlyForDeploymentPostprocessing = 0;
		};
/* End PBXSourcesBuildPhase section */

/* Begin PBXTargetDependency section */
		7B67B4DC2E7FD5C8006A8EB2 /* PBXTargetDependency */ = {
			isa = PBXTargetDependency;
			target = 7B67B4CC2E7FD5C6006A8EB2 /* Claw */;
			targetProxy = 7B67B4DB2E7FD5C8006A8EB2 /* PBXContainerItemProxy */;
		};
		7B67B4E62E7FD5C8006A8EB2 /* PBXTargetDependency */ = {
			isa = PBXTargetDependency;
			target = 7B67B4CC2E7FD5C6006A8EB2 /* Claw */;
			targetProxy = 7B67B4E52E7FD5C8006A8EB2 /* PBXContainerItemProxy */;
		};
/* End PBXTargetDependency section */

/* Begin XCBuildConfiguration section */
		7B67B4EC2E7FD5C8006A8EB2 /* Debug */ = {
			isa = XCBuildConfiguration;
			buildSettings = {
				ALWAYS_SEARCH_USER_PATHS = NO;
				ASSETCATALOG_COMPILER_GENERATE_SWIFT_ASSET_SYMBOL_EXTENSIONS = YES;
				CLANG_ANALYZER_NONNULL = YES;
				CLANG_ANALYZER_NUMBER_OBJECT_CONVERSION = YES_AGGRESSIVE;
				CLANG_CXX_LANGUAGE_STANDARD = "gnu++20";
				CLANG_ENABLE_MODULES = YES;
				CLANG_ENABLE_OBJC_ARC = YES;
				CLANG_ENABLE_OBJC_WEAK = YES;
				CLANG_WARN_BLOCK_CAPTURE_AUTORELEASING = YES;
				CLANG_WARN_BOOL_CONVERSION = YES;
				CLANG_WARN_COMMA = YES;
				CLANG_WARN_CONSTANT_CONVERSION = YES;
				CLANG_WARN_DEPRECATED_OBJC_IMPLEMENTATIONS = YES;
				CLANG_WARN_DIRECT_OBJC_ISA_USAGE = YES_ERROR;
				CLANG_WARN_DOCUMENTATION_COMMENTS = YES;
				CLANG_WARN_EMPTY_BODY = YES;
				CLANG_WARN_ENUM_CONVERSION = YES;
				CLANG_WARN_INFINITE_RECURSION = YES;
				CLANG_WARN_INT_CONVERSION = YES;
				CLANG_WARN_NON_LITERAL_NULL_CONVERSION = YES;
				CLANG_WARN_OBJC_IMPLICIT_RETAIN_SELF = YES;
				CLANG_WARN_OBJC_LITERAL_CONVERSION = YES;
				CLANG_WARN_OBJC_ROOT_CLASS = YES_ERROR;
				CLANG_WARN_QUOTED_INCLUDE_IN_FRAMEWORK_HEADER = YES;
				CLANG_WARN_RANGE_LOOP_ANALYSIS = YES;
				CLANG_WARN_STRICT_PROTOTYPES = YES;
				CLANG_WARN_SUSPICIOUS_MOVE = YES;
				CLANG_WARN_UNGUARDED_AVAILABILITY = YES_AGGRESSIVE;
				CLANG_WARN_UNREACHABLE_CODE = YES;
				CLANG_WARN__DUPLICATE_METHOD_MATCH = YES;
				COPY_PHASE_STRIP = NO;
				DEBUG_INFORMATION_FORMAT = dwarf;
				DEVELOPMENT_TEAM = CQ45U4X9K3;
				ENABLE_STRICT_OBJC_MSGSEND = YES;
				ENABLE_TESTABILITY = YES;
				ENABLE_USER_SCRIPT_SANDBOXING = NO;
				GCC_C_LANGUAGE_STANDARD = gnu17;
				GCC_DYNAMIC_NO_PIC = NO;
				GCC_NO_COMMON_BLOCKS = YES;
				GCC_OPTIMIZATION_LEVEL = 0;
				GCC_PREPROCESSOR_DEFINITIONS = (
					"DEBUG=1",
					"$(inherited)",
				);
				GCC_WARN_64_TO_32_BIT_CONVERSION = YES;
				GCC_WARN_ABOUT_RETURN_TYPE = YES_ERROR;
				GCC_WARN_UNDECLARED_SELECTOR = YES;
				GCC_WARN_UNINITIALIZED_AUTOS = YES_AGGRESSIVE;
				GCC_WARN_UNUSED_FUNCTION = YES;
				GCC_WARN_UNUSED_VARIABLE = YES;
				LOCALIZATION_PREFERS_STRING_CATALOGS = YES;
				MACOSX_DEPLOYMENT_TARGET = 26.0;
				MTL_ENABLE_DEBUG_INFO = INCLUDE_SOURCE;
				MTL_FAST_MATH = YES;
				ONLY_ACTIVE_ARCH = YES;
				SDKROOT = macosx;
				SWIFT_ACTIVE_COMPILATION_CONDITIONS = "DEBUG $(inherited)";
				SWIFT_OPTIMIZATION_LEVEL = "-Onone";
			};
			name = Debug;
		};
		7B67B4ED2E7FD5C8006A8EB2 /* Release */ = {
			isa = XCBuildConfiguration;
			buildSettings = {
				ALWAYS_SEARCH_USER_PATHS = NO;
				ASSETCATALOG_COMPILER_GENERATE_SWIFT_ASSET_SYMBOL_EXTENSIONS = YES;
				CLANG_ANALYZER_NONNULL = YES;
				CLANG_ANALYZER_NUMBER_OBJECT_CONVERSION = YES_AGGRESSIVE;
				CLANG_CXX_LANGUAGE_STANDARD = "gnu++20";
				CLANG_ENABLE_MODULES = YES;
				CLANG_ENABLE_OBJC_ARC = YES;
				CLANG_ENABLE_OBJC_WEAK = YES;
				CLANG_WARN_BLOCK_CAPTURE_AUTORELEASING = YES;
				CLANG_WARN_BOOL_CONVERSION = YES;
				CLANG_WARN_COMMA = YES;
				CLANG_WARN_CONSTANT_CONVERSION = YES;
				CLANG_WARN_DEPRECATED_OBJC_IMPLEMENTATIONS = YES;
				CLANG_WARN_DIRECT_OBJC_ISA_USAGE = YES_ERROR;
				CLANG_WARN_DOCUMENTATION_COMMENTS = YES;
				CLANG_WARN_EMPTY_BODY = YES;
				CLANG_WARN_ENUM_CONVERSION = YES;
				CLANG_WARN_INFINITE_RECURSION = YES;
				CLANG_WARN_INT_CONVERSION = YES;
				CLANG_WARN_NON_LITERAL_NULL_CONVERSION = YES;
				CLANG_WARN_OBJC_IMPLICIT_RETAIN_SELF = YES;
				CLANG_WARN_OBJC_LITERAL_CONVERSION = YES;
				CLANG_WARN_OBJC_ROOT_CLASS = YES_ERROR;
				CLANG_WARN_QUOTED_INCLUDE_IN_FRAMEWORK_HEADER = YES;
				CLANG_WARN_RANGE_LOOP_ANALYSIS = YES;
				CLANG_WARN_STRICT_PROTOTYPES = YES;
				CLANG_WARN_SUSPICIOUS_MOVE = YES;
				CLANG_WARN_UNGUARDED_AVAILABILITY = YES_AGGRESSIVE;
				CLANG_WARN_UNREACHABLE_CODE = YES;
				CLANG_WARN__DUPLICATE_METHOD_MATCH = YES;
				COPY_PHASE_STRIP = NO;
				DEBUG_INFORMATION_FORMAT = "dwarf-with-dsym";
				DEVELOPMENT_TEAM = CQ45U4X9K3;
				ENABLE_NS_ASSERTIONS = NO;
				ENABLE_STRICT_OBJC_MSGSEND = YES;
				ENABLE_USER_SCRIPT_SANDBOXING = NO;
				GCC_C_LANGUAGE_STANDARD = gnu17;
				GCC_NO_COMMON_BLOCKS = YES;
				GCC_WARN_64_TO_32_BIT_CONVERSION = YES;
				GCC_WARN_ABOUT_RETURN_TYPE = YES_ERROR;
				GCC_WARN_UNDECLARED_SELECTOR = YES;
				GCC_WARN_UNINITIALIZED_AUTOS = YES_AGGRESSIVE;
				GCC_WARN_UNUSED_FUNCTION = YES;
				GCC_WARN_UNUSED_VARIABLE = YES;
				LOCALIZATION_PREFERS_STRING_CATALOGS = YES;
				MACOSX_DEPLOYMENT_TARGET = 26.0;
				MTL_ENABLE_DEBUG_INFO = NO;
				MTL_FAST_MATH = YES;
				SDKROOT = macosx;
				SWIFT_COMPILATION_MODE = wholemodule;
			};
			name = Release;
		};
		7B67B4EF2E7FD5C8006A8EB2 /* Debug */ = {
			isa = XCBuildConfiguration;
			baseConfigurationReference = 7BB57D7E2EA2162900927023 /* Claw.xcconfig */;
			buildSettings = {
				ASSETCATALOG_COMPILER_APPICON_NAME = AppIcon;
				ASSETCATALOG_COMPILER_GLOBAL_ACCENT_COLOR_NAME = AccentColor;
				CODE_SIGN_IDENTITY = "Developer ID Application";
				CODE_SIGN_STYLE = Manual;
				COMBINE_HIDPI_IMAGES = YES;
				CURRENT_PROJECT_VERSION = 1;
				DEVELOPMENT_TEAM = CQ45U4X9K3;
				ENABLE_APP_SANDBOX = NO;
				ENABLE_HARDENED_RUNTIME = YES;
				ENABLE_PREVIEWS = YES;
				GENERATE_INFOPLIST_FILE = YES;
				INFOPLIST_FILE = Claw/Info.plist;
				INFOPLIST_KEY_NSHumanReadableCopyright = "";
				LD_RUNPATH_SEARCH_PATHS = (
					"$(inherited)",
					"@executable_path/../Frameworks",
				);
				PRODUCT_BUNDLE_IDENTIFIER = jamesRochabrun.Claw;
				PRODUCT_NAME = "$(TARGET_NAME)";
				REGISTER_APP_GROUPS = YES;
				STRING_CATALOG_GENERATE_SYMBOLS = YES;
				SWIFT_APPROACHABLE_CONCURRENCY = YES;
				SWIFT_DEFAULT_ACTOR_ISOLATION = MainActor;
				SWIFT_EMIT_LOC_STRINGS = YES;
				SWIFT_UPCOMING_FEATURE_MEMBER_IMPORT_VISIBILITY = YES;
				SWIFT_VERSION = 5.0;
			};
			name = Debug;
		};
		7B67B4F02E7FD5C8006A8EB2 /* Release */ = {
			isa = XCBuildConfiguration;
			baseConfigurationReference = 7BB57D7E2EA2162900927023 /* Claw.xcconfig */;
			buildSettings = {
				ASSETCATALOG_COMPILER_APPICON_NAME = AppIcon;
				ASSETCATALOG_COMPILER_GLOBAL_ACCENT_COLOR_NAME = AccentColor;
				CODE_SIGN_ENTITLEMENTS = Claw/Claw.entitlements;
				CODE_SIGN_IDENTITY = "Developer ID Application";
				CODE_SIGN_STYLE = Manual;
				COMBINE_HIDPI_IMAGES = YES;
				CURRENT_PROJECT_VERSION = 1;
				DEVELOPMENT_TEAM = CQ45U4X9K3;
				ENABLE_APP_SANDBOX = NO;
				ENABLE_HARDENED_RUNTIME = YES;
				ENABLE_PREVIEWS = YES;
				GENERATE_INFOPLIST_FILE = YES;
				INFOPLIST_FILE = Claw/Info.plist;
				INFOPLIST_KEY_NSHumanReadableCopyright = "";
				LD_RUNPATH_SEARCH_PATHS = (
					"$(inherited)",
					"@executable_path/../Frameworks",
				);
				PRODUCT_BUNDLE_IDENTIFIER = jamesRochabrun.Claw;
				PRODUCT_NAME = "$(TARGET_NAME)";
				REGISTER_APP_GROUPS = YES;
				STRING_CATALOG_GENERATE_SYMBOLS = YES;
				SWIFT_APPROACHABLE_CONCURRENCY = YES;
				SWIFT_DEFAULT_ACTOR_ISOLATION = MainActor;
				SWIFT_EMIT_LOC_STRINGS = YES;
				SWIFT_UPCOMING_FEATURE_MEMBER_IMPORT_VISIBILITY = YES;
				SWIFT_VERSION = 5.0;
			};
			name = Release;
		};
		7B67B4F22E7FD5C8006A8EB2 /* Debug */ = {
			isa = XCBuildConfiguration;
			buildSettings = {
				BUNDLE_LOADER = "$(TEST_HOST)";
				CODE_SIGN_IDENTITY = "Developer ID Application";
				CODE_SIGN_STYLE = Manual;
				CURRENT_PROJECT_VERSION = 1;
				DEVELOPMENT_TEAM = CQ45U4X9K3;
				GENERATE_INFOPLIST_FILE = YES;
				MACOSX_DEPLOYMENT_TARGET = 26.0;
				MARKETING_VERSION = 1.0;
				PRODUCT_BUNDLE_IDENTIFIER = jamesRochabrun.ClawTests;
				PRODUCT_NAME = "$(TARGET_NAME)";
				STRING_CATALOG_GENERATE_SYMBOLS = NO;
				SWIFT_APPROACHABLE_CONCURRENCY = YES;
				SWIFT_EMIT_LOC_STRINGS = NO;
				SWIFT_UPCOMING_FEATURE_MEMBER_IMPORT_VISIBILITY = YES;
				SWIFT_VERSION = 5.0;
				TEST_HOST = "$(BUILT_PRODUCTS_DIR)/Claw.app/$(BUNDLE_EXECUTABLE_FOLDER_PATH)/Claw";
			};
			name = Debug;
		};
		7B67B4F32E7FD5C8006A8EB2 /* Release */ = {
			isa = XCBuildConfiguration;
			buildSettings = {
				BUNDLE_LOADER = "$(TEST_HOST)";
				CODE_SIGN_IDENTITY = "Developer ID Application";
				CODE_SIGN_STYLE = Manual;
				CURRENT_PROJECT_VERSION = 1;
				DEVELOPMENT_TEAM = CQ45U4X9K3;
				GENERATE_INFOPLIST_FILE = YES;
				MACOSX_DEPLOYMENT_TARGET = 26.0;
				MARKETING_VERSION = 1.0;
				PRODUCT_BUNDLE_IDENTIFIER = jamesRochabrun.ClawTests;
				PRODUCT_NAME = "$(TARGET_NAME)";
				STRING_CATALOG_GENERATE_SYMBOLS = NO;
				SWIFT_APPROACHABLE_CONCURRENCY = YES;
				SWIFT_EMIT_LOC_STRINGS = NO;
				SWIFT_UPCOMING_FEATURE_MEMBER_IMPORT_VISIBILITY = YES;
				SWIFT_VERSION = 5.0;
				TEST_HOST = "$(BUILT_PRODUCTS_DIR)/Claw.app/$(BUNDLE_EXECUTABLE_FOLDER_PATH)/Claw";
			};
			name = Release;
		};
		7B67B4F52E7FD5C8006A8EB2 /* Debug */ = {
			isa = XCBuildConfiguration;
			buildSettings = {
				CODE_SIGN_IDENTITY = "Developer ID Application";
				CODE_SIGN_STYLE = Manual;
				CURRENT_PROJECT_VERSION = 1;
				DEVELOPMENT_TEAM = CQ45U4X9K3;
				GENERATE_INFOPLIST_FILE = YES;
				MARKETING_VERSION = 1.0;
				PRODUCT_BUNDLE_IDENTIFIER = jamesRochabrun.ClawUITests;
				PRODUCT_NAME = "$(TARGET_NAME)";
				STRING_CATALOG_GENERATE_SYMBOLS = NO;
				SWIFT_APPROACHABLE_CONCURRENCY = YES;
				SWIFT_EMIT_LOC_STRINGS = NO;
				SWIFT_UPCOMING_FEATURE_MEMBER_IMPORT_VISIBILITY = YES;
				SWIFT_VERSION = 5.0;
				TEST_TARGET_NAME = Claw;
			};
			name = Debug;
		};
		7B67B4F62E7FD5C8006A8EB2 /* Release */ = {
			isa = XCBuildConfiguration;
			buildSettings = {
				CODE_SIGN_IDENTITY = "Developer ID Application";
				CODE_SIGN_STYLE = Manual;
				CURRENT_PROJECT_VERSION = 1;
				DEVELOPMENT_TEAM = CQ45U4X9K3;
				GENERATE_INFOPLIST_FILE = YES;
				MARKETING_VERSION = 1.0;
				PRODUCT_BUNDLE_IDENTIFIER = jamesRochabrun.ClawUITests;
				PRODUCT_NAME = "$(TARGET_NAME)";
				STRING_CATALOG_GENERATE_SYMBOLS = NO;
				SWIFT_APPROACHABLE_CONCURRENCY = YES;
				SWIFT_EMIT_LOC_STRINGS = NO;
				SWIFT_UPCOMING_FEATURE_MEMBER_IMPORT_VISIBILITY = YES;
				SWIFT_VERSION = 5.0;
				TEST_TARGET_NAME = Claw;
			};
			name = Release;
		};
/* End XCBuildConfiguration section */

/* Begin XCConfigurationList section */
		7B67B4C82E7FD5C6006A8EB2 /* Build configuration list for PBXProject "Claw" */ = {
			isa = XCConfigurationList;
			buildConfigurations = (
				7B67B4EC2E7FD5C8006A8EB2 /* Debug */,
				7B67B4ED2E7FD5C8006A8EB2 /* Release */,
			);
			defaultConfigurationIsVisible = 0;
			defaultConfigurationName = Release;
		};
		7B67B4EE2E7FD5C8006A8EB2 /* Build configuration list for PBXNativeTarget "Claw" */ = {
			isa = XCConfigurationList;
			buildConfigurations = (
				7B67B4EF2E7FD5C8006A8EB2 /* Debug */,
				7B67B4F02E7FD5C8006A8EB2 /* Release */,
			);
			defaultConfigurationIsVisible = 0;
			defaultConfigurationName = Release;
		};
		7B67B4F12E7FD5C8006A8EB2 /* Build configuration list for PBXNativeTarget "ClawTests" */ = {
			isa = XCConfigurationList;
			buildConfigurations = (
				7B67B4F22E7FD5C8006A8EB2 /* Debug */,
				7B67B4F32E7FD5C8006A8EB2 /* Release */,
			);
			defaultConfigurationIsVisible = 0;
			defaultConfigurationName = Release;
		};
		7B67B4F42E7FD5C8006A8EB2 /* Build configuration list for PBXNativeTarget "ClawUITests" */ = {
			isa = XCConfigurationList;
			buildConfigurations = (
				7B67B4F52E7FD5C8006A8EB2 /* Debug */,
				7B67B4F62E7FD5C8006A8EB2 /* Release */,
			);
			defaultConfigurationIsVisible = 0;
			defaultConfigurationName = Release;
		};
/* End XCConfigurationList section */

/* Begin XCRemoteSwiftPackageReference section */
		7B67B4F72E7FD5F3006A8EB2 /* XCRemoteSwiftPackageReference "ClaudeCodeApprovalServer" */ = {
			isa = XCRemoteSwiftPackageReference;
			repositoryURL = "https://github.com/jamesrochabrun/ClaudeCodeApprovalServer";
			requirement = {
				kind = exactVersion;
				version = 1.1.0;
			};
		};
		7BB57D2B2EA1BB4C00927023 /* XCRemoteSwiftPackageReference "Sparkle" */ = {
			isa = XCRemoteSwiftPackageReference;
			repositoryURL = "https://github.com/sparkle-project/Sparkle";
			requirement = {
				kind = upToNextMajorVersion;
				minimumVersion = 2.8.0;
			};
		};
		7BFBAE892EBC8E27003D084C /* XCRemoteSwiftPackageReference "ClaudeCodeUI" */ = {
			isa = XCRemoteSwiftPackageReference;
			repositoryURL = "https://github.com/jamesrochabrun/ClaudeCodeUI";
			requirement = {
				kind = exactVersion;
				version = 1.7.4;
			};
		};
/* End XCRemoteSwiftPackageReference section */

/* Begin XCSwiftPackageProductDependency section */
		7B67B4F82E7FD5F3006A8EB2 /* ApprovalServerKit */ = {
			isa = XCSwiftPackageProductDependency;
			package = 7B67B4F72E7FD5F3006A8EB2 /* XCRemoteSwiftPackageReference "ClaudeCodeApprovalServer" */;
			productName = ApprovalServerKit;
		};
		7BB57D2C2EA1BB4C00927023 /* Sparkle */ = {
			isa = XCSwiftPackageProductDependency;
			package = 7BB57D2B2EA1BB4C00927023 /* XCRemoteSwiftPackageReference "Sparkle" */;
			productName = Sparkle;
		};
		7BFBAD9E2EBABDA3003D084C /* ClaudeCodeCore */ = {
			isa = XCSwiftPackageProductDependency;
			productName = ClaudeCodeCore;
		};
		7BFBAE872EBC6EA1003D084C /* ClaudeCodeCore */ = {
			isa = XCSwiftPackageProductDependency;
			productName = ClaudeCodeCore;
		};
		7BFBAE8A2EBC8E27003D084C /* ClaudeCodeCore */ = {
			isa = XCSwiftPackageProductDependency;
			package = 7BFBAE892EBC8E27003D084C /* XCRemoteSwiftPackageReference "ClaudeCodeUI" */;
			productName = ClaudeCodeCore;
		};
/* End XCSwiftPackageProductDependency section */
	};
	rootObject = 7B67B4C52E7FD5C6006A8EB2 /* Project object */;
}
